
Microsoft Visual Studio Solution File, Format Version 11.00
# Visual Studio 2010
Project("{8BC9CEB8-8B4A-11D0-8D11-00A0C91BC942}") = "FunForEveryBody", "FunForEveryBody\FunForEveryBody.vcxproj", "{AB2CD48E-6258-43BA-BD40-78A85AA2DF52}"
EndProject
Global
	GlobalSection(SolutionConfigurationPlatforms) = preSolution
		Debug|Win32 = Debug|Win32
		Release|Win32 = Release|Win32
	EndGlobalSection
	GlobalSection(ProjectConfigurationPlatforms) = postSolution
		{AB2CD48E-6258-43BA-BD40-78A85AA2DF52}.Debug|Win32.ActiveCfg = Debug|Win32
		{AB2CD48E-6258-43BA-BD40-78A85AA2DF52}.Debug|Win32.Build.0 = Debug|Win32
		{AB2CD48E-6258-43BA-BD40-78A85AA2DF52}.Release|Win32.ActiveCfg = Release|Win32
		{AB2CD48E-6258-43BA-BD40-78A85AA2DF52}.Release|Win32.Build.0 = Release|Win32
	EndGlobalSection
	GlobalSection(SolutionProperties) = preSolution
		HideSolutionNode = FALSE
	EndGlobalSection
EndGlobal
