<?xml version="1.0" encoding="utf-8"?>
<Project ToolsVersion="4.0" xmlns="http://schemas.microsoft.com/developer/msbuild/2003">
  <ItemGroup>
    <Filter Include="Source Files">
      <UniqueIdentifier>{4FC737F1-C7A5-4376-A066-2A32D752A2FF}</UniqueIdentifier>
      <Extensions>cpp;c;cc;cxx;def;odl;idl;hpj;bat;asm;asmx</Extensions>
    </Filter>
    <Filter Include="Header Files">
      <UniqueIdentifier>{93995380-89BD-4b04-88EB-625FBE52EBFB}</UniqueIdentifier>
      <Extensions>h;hpp;hxx;hm;inl;inc;xsd</Extensions>
    </Filter>
    <Filter Include="Resource Files">
      <UniqueIdentifier>{67DA6AB6-F800-4c08-8B7A-83BB121AAD01}</UniqueIdentifier>
      <Extensions>rc;ico;cur;bmp;dlg;rc2;rct;bin;rgs;gif;jpg;jpeg;jpe;resx;tiff;tif;png;wav;mfcribbon-ms</Extensions>
    </Filter>
  </ItemGroup>
  <ItemGroup>
    <ClCompile Include="main.cpp">
      <Filter>Source Files</Filter>
    </ClCompile>
  </ItemGroup>
  <ItemGroup>
    <ResourceCompile Include="mainForm.rc">
      <Filter>Resource Files</Filter>
    </ResourceCompile>
  </ItemGroup>
  <ItemGroup>
    <ClInclude Include="resource.h">
      <Filter>Header Files</Filter>
    </ClInclude>
  </ItemGroup>
  <ItemGroup>
    <None Include="..\..\stupid faces\1s.bmp">
      <Filter>Resource Files</Filter>
    </None>
    <None Include="..\..\stupid faces\2s.bmp">
      <Filter>Resource Files</Filter>
    </None>
    <None Include="..\..\stupid faces\3s.bmp">
      <Filter>Resource Files</Filter>
    </None>
    <None Include="..\..\stupid faces\4s.bmp">
      <Filter>Resource Files</Filter>
    </None>
    <None Include="..\..\stupid faces\5s.bmp">
      <Filter>Resource Files</Filter>
    </None>
    <None Include="..\..\stupid faces\6s.bmp">
      <Filter>Resource Files</Filter>
    </None>
    <None Include="..\..\stupid faces\7s.bmp">
      <Filter>Resource Files</Filter>
    </None>
    <None Include="..\..\stupid faces\8s.bmp">
      <Filter>Resource Files</Filter>
    </None>
    <None Include="..\..\stupid faces\1a.bmp">
      <Filter>Resource Files</Filter>
    </None>
    <None Include="..\..\stupid faces\2a.bmp">
      <Filter>Resource Files</Filter>
    </None>
    <None Include="..\..\stupid faces\3a.bmp">
      <Filter>Resource Files</Filter>
    </None>
    <None Include="..\..\stupid faces\4a.bmp">
      <Filter>Resource Files</Filter>
    </None>
    <None Include="..\..\stupid faces\5a.bmp">
      <Filter>Resource Files</Filter>
    </None>
    <None Include="..\..\stupid faces\6a.bmp">
      <Filter>Resource Files</Filter>
    </None>
    <None Include="..\..\stupid faces\7a.bmp">
      <Filter>Resource Files</Filter>
    </None>
    <None Include="..\..\stupid faces\8a.bmp">
      <Filter>Resource Files</Filter>
    </None>
  </ItemGroup>
</Project>